
Microsoft Visual Studio Solution File, Format Version 12.00
# Visual Studio Version 17
VisualStudioVersion = 17.3.32929.385
MinimumVisualStudioVersion = 10.0.40219.1
Project("{9A19103F-16F7-4668-BE54-9A1E7A4F7556}") = "DBScriptDeployment", "DBScriptDeployment\DBScriptDeployment.csproj", "{A1DAF4E5-F554-46C8-9219-928CC0BCA602}"
EndProject
Project("{FAE04EC0-301F-11D3-BF4B-00C04F79EFBC}") = "TFS.ClientApi", "TFS.ClientApi\TFS.ClientApi.csproj", "{2C7F2DC1-3EA7-4E41-9E20-12190891E916}"
EndProject
Global
	GlobalSection(SolutionConfigurationPlatforms) = preSolution
		Debug|Any CPU = Debug|Any CPU
		Release|Any CPU = Release|Any CPU
	EndGlobalSection
	GlobalSection(ProjectConfigurationPlatforms) = postSolution
		{A1DAF4E5-F554-46C8-9219-928CC0BCA602}.Debug|Any CPU.ActiveCfg = Debug|Any CPU
		{A1DAF4E5-F554-46C8-9219-928CC0BCA602}.Debug|Any CPU.Build.0 = Debug|Any CPU
		{A1DAF4E5-F554-46C8-9219-928CC0BCA602}.Release|Any CPU.ActiveCfg = Release|Any CPU
		{A1DAF4E5-F554-46C8-9219-928CC0BCA602}.Release|Any CPU.Build.0 = Release|Any CPU
		{2C7F2DC1-3EA7-4E41-9E20-12190891E916}.Debug|Any CPU.ActiveCfg = Debug|Any CPU
		{2C7F2DC1-3EA7-4E41-9E20-12190891E916}.Debug|Any CPU.Build.0 = Debug|Any CPU
		{2C7F2DC1-3EA7-4E41-9E20-12190891E916}.Release|Any CPU.ActiveCfg = Release|Any CPU
		{2C7F2DC1-3EA7-4E41-9E20-12190891E916}.Release|Any CPU.Build.0 = Release|Any CPU
	EndGlobalSection
	GlobalSection(SolutionProperties) = preSolution
		HideSolutionNode = FALSE
	EndGlobalSection
	GlobalSection(ExtensibilityGlobals) = postSolution
		SolutionGuid = {B48DED60-3D81-4366-95C1-E4A73BA8846A}
	EndGlobalSection
EndGlobal
